
Microsoft Visual Studio Solution File, Format Version 12.00
# Visual Studio Version 17
VisualStudioVersion = 17.5.002.0
MinimumVisualStudioVersion = 10.0.40219.1
Project("{9A19103F-16F7-4668-BE54-9A1E7A4F7556}") = "WineMatcherDBSQL", "WineMatcherDBSQL.csproj", "{4BEC8405-3A39-4AD4-81B3-334A9E5881AD}"
EndProject
Global
	GlobalSection(SolutionConfigurationPlatforms) = preSolution
		Debug|Any CPU = Debug|Any CPU
		Release|Any CPU = Release|Any CPU
	EndGlobalSection
	GlobalSection(ProjectConfigurationPlatforms) = postSolution
		{4BEC8405-3A39-4AD4-81B3-334A9E5881AD}.Debug|Any CPU.ActiveCfg = Debug|Any CPU
		{4BEC8405-3A39-4AD4-81B3-334A9E5881AD}.Debug|Any CPU.Build.0 = Debug|Any CPU
		{4BEC8405-3A39-4AD4-81B3-334A9E5881AD}.Release|Any CPU.ActiveCfg = Release|Any CPU
		{4BEC8405-3A39-4AD4-81B3-334A9E5881AD}.Release|Any CPU.Build.0 = Release|Any CPU
	EndGlobalSection
	GlobalSection(SolutionProperties) = preSolution
		HideSolutionNode = FALSE
	EndGlobalSection
	GlobalSection(ExtensibilityGlobals) = postSolution
		SolutionGuid = {1A757744-5F75-4385-8753-5D69F17EBFF0}
	EndGlobalSection
EndGlobal
